
Microsoft Visual Studio Solution File, Format Version 12.00
# Visual Studio Express 2012 for Web
Project("{FAE04EC0-301F-11D3-BF4B-00C04F79EFBC}") = "Shutters", "Shutters\Shutters.csproj", "{76236D5A-C4DE-4E71-8060-374E0172C1B1}"
EndProject
Project("{FAE04EC0-301F-11D3-BF4B-00C04F79EFBC}") = "Shutters.Tests", "Shutters.Tests\Shutters.Tests.csproj", "{5B5E55EB-B24A-4868-BC8E-084DF0E4FD8A}"
EndProject
Global
	GlobalSection(SolutionConfigurationPlatforms) = preSolution
		Debug|Any CPU = Debug|Any CPU
		Release|Any CPU = Release|Any CPU
	EndGlobalSection
	GlobalSection(ProjectConfigurationPlatforms) = postSolution
		{76236D5A-C4DE-4E71-8060-374E0172C1B1}.Debug|Any CPU.ActiveCfg = Debug|Any CPU
		{76236D5A-C4DE-4E71-8060-374E0172C1B1}.Debug|Any CPU.Build.0 = Debug|Any CPU
		{76236D5A-C4DE-4E71-8060-374E0172C1B1}.Release|Any CPU.ActiveCfg = Release|Any CPU
		{76236D5A-C4DE-4E71-8060-374E0172C1B1}.Release|Any CPU.Build.0 = Release|Any CPU
		{5B5E55EB-B24A-4868-BC8E-084DF0E4FD8A}.Debug|Any CPU.ActiveCfg = Debug|Any CPU
		{5B5E55EB-B24A-4868-BC8E-084DF0E4FD8A}.Debug|Any CPU.Build.0 = Debug|Any CPU
		{5B5E55EB-B24A-4868-BC8E-084DF0E4FD8A}.Release|Any CPU.ActiveCfg = Release|Any CPU
		{5B5E55EB-B24A-4868-BC8E-084DF0E4FD8A}.Release|Any CPU.Build.0 = Release|Any CPU
	EndGlobalSection
	GlobalSection(SolutionProperties) = preSolution
		HideSolutionNode = FALSE
	EndGlobalSection
EndGlobal
